# This file is automatically @generated by Poetry 1.8.3 and should not be changed by hand.

[[package]]
name = "typst"
version = "0.11.1"
description = "Python binding to typst"
optional = false
python-versions = ">=3.7"
files = [
    {file = "typst-0.11.1-cp37-abi3-macosx_10_12_x86_64.whl", hash = "sha256:ec50fc97f8afe6da1f8787a72f77f04ddf14e007c88a1b130cb8122a405e4e63"},
    {file = "typst-0.11.1-cp37-abi3-macosx_11_0_arm64.whl", hash = "sha256:c8af0dabc95a761b07f19c4551da9176bc1b408a9abf9d5d0ab93da3d616abf6"},
    {file = "typst-0.11.1-cp37-abi3-manylinux_2_17_aarch64.manylinux2014_aarch64.whl", hash = "sha256:3d6bf84d7e1c8402241d10874a4dc4df4995dcff0a581c47b1def92cc4de322b"},
    {file = "typst-0.11.1-cp37-abi3-manylinux_2_17_armv7l.manylinux2014_armv7l.whl", hash = "sha256:11c925fab98fdce6b3f8c498c399eed7224d7a315348aa46e2bb0d9a40af5baa"},
    {file = "typst-0.11.1-cp37-abi3-manylinux_2_17_i686.manylinux2014_i686.whl", hash = "sha256:812b99f617aabb599508e132cdc881a751d89ad32504def774d3e3b765425872"},
    {file = "typst-0.11.1-cp37-abi3-manylinux_2_17_ppc64le.manylinux2014_ppc64le.whl", hash = "sha256:75313042a605c15649f23eb074c5df34bca66f5b921cd043651afd80ff3ad9f0"},
    {file = "typst-0.11.1-cp37-abi3-manylinux_2_17_s390x.manylinux2014_s390x.whl", hash = "sha256:ffba53328e317b9b0a4e9d05573c98c7f7d4e555259e1ff5a9a2169a85232d71"},
    {file = "typst-0.11.1-cp37-abi3-manylinux_2_17_x86_64.manylinux2014_x86_64.whl", hash = "sha256:ef8e44bec7a2e168a92aec2fa8008328b630d137753c0550ba654c7855d2893a"},
    {file = "typst-0.11.1-cp37-abi3-win32.whl", hash = "sha256:e2ccebab8f9fc49b2b212d6af0e349aa6cd8fc043c343bf5719aa1ef7dae354f"},
    {file = "typst-0.11.1-cp37-abi3-win_amd64.whl", hash = "sha256:3874f7910687406ee7e80de1aec58487c305b76893b50a3a869496105a5767a5"},
    {file = "typst-0.11.1.tar.gz", hash = "sha256:56a336fef1dbec6ae678d87d680a90ad07c8739bc0599b54fdd7fa351a4efa56"},
]

[metadata]
lock-version = "2.0"
python-versions = "^3.12"
content-hash = "14122abe1f41d15523015c9f139814a7b245a27ca15a38e3336dd8d65bc932db"
